{
  "name": "avalara-commercetools-connector",
  "lockfileVersion": 2,
  "requires": true,
  "packages": {
    "": {
      "dependencies": {
        "n": "^10.2.0",
        "node": "^24.12.0",
        "nvm": "^0.0.4",
        "yarn": "^1.22.22"
      }
    },
    "node_modules/n": {
      "version": "10.2.0",
      "resolved": "https://registry.npmjs.org/n/-/n-10.2.0.tgz",
      "integrity": "sha512-zlLXwSEMQgAHmsXtcZwNuA2W5rLdAJyg51DI47ubDWE0Bss0ji9sbK3eD6vM7kKgRLTFm/i4+FvE4SXvphaSHg==",
      "os": [
        "!win32"
      ],
      "bin": {
        "n": "bin/n"
      },
      "engines": {
        "node": "*"
      }
    },
    "node_modules/node": {
      "version": "24.12.0",
      "resolved": "https://registry.npmjs.org/node/-/node-24.12.0.tgz",
      "integrity": "sha512-LiJkH5haaqzS3csrpEhCxTa5/+v/wco0c1XOd/52Emho0AI3PNmcxPs1fqpH3BmtC2N3lt7gbJ7ncObjd9gYJg==",
      "hasInstallScript": true,
      "dependencies": {
        "node-bin-setup": "^1.0.0"
      },
      "bin": {
        "node": "bin/node"
      },
      "engines": {
        "npm": ">=5.0.0"
      }
    },
    "node_modules/node-bin-setup": {
      "version": "1.1.4",
      "resolved": "https://registry.npmjs.org/node-bin-setup/-/node-bin-setup-1.1.4.tgz",
      "integrity": "sha512-vWNHOne0ZUavArqPP5LJta50+S8R261Fr5SvGul37HbEDcowvLjwdvd0ZeSr0r2lTSrPxl6okq9QUw8BFGiAxA=="
    },
    "node_modules/nvm": {
      "version": "0.0.4",
      "resolved": "https://registry.npmjs.org/nvm/-/nvm-0.0.4.tgz",
      "integrity": "sha512-jvmyELykYcdyd0VCGY0E8Aqe5MngEasVvlPvrcJHbwBMUbVqa72mPdQuPzyTcykEtEx7jDrMY0QA5MoV+8EhgA==",
      "deprecated": "This is NOT the correct nvm. Visit https://nvm.sh and use the curl command to install it.",
      "bin": {
        "nvm": "bin/nvm"
      }
    },
    "node_modules/yarn": {
      "version": "1.22.22",
      "resolved": "https://registry.npmjs.org/yarn/-/yarn-1.22.22.tgz",
      "integrity": "sha512-prL3kGtyG7o9Z9Sv8IPfBNrWTDmXB4Qbes8A9rEzt6wkJV8mUvoirjU0Mp3GGAU06Y0XQyA3/2/RQFVuK7MTfg==",
      "hasInstallScript": true,
      "license": "BSD-2-Clause",
      "bin": {
        "yarn": "bin/yarn.js",
        "yarnpkg": "bin/yarn.js"
      },
      "engines": {
        "node": ">=4.0.0"
      }
    }
  },
  "dependencies": {
    "n": {
      "version": "10.2.0",
      "resolved": "https://registry.npmjs.org/n/-/n-10.2.0.tgz",
      "integrity": "sha512-zlLXwSEMQgAHmsXtcZwNuA2W5rLdAJyg51DI47ubDWE0Bss0ji9sbK3eD6vM7kKgRLTFm/i4+FvE4SXvphaSHg=="
    },
    "node": {
      "version": "24.12.0",
      "resolved": "https://registry.npmjs.org/node/-/node-24.12.0.tgz",
      "integrity": "sha512-LiJkH5haaqzS3csrpEhCxTa5/+v/wco0c1XOd/52Emho0AI3PNmcxPs1fqpH3BmtC2N3lt7gbJ7ncObjd9gYJg==",
      "requires": {
        "node-bin-setup": "^1.0.0"
      }
    },
    "node-bin-setup": {
      "version": "1.1.4",
      "resolved": "https://registry.npmjs.org/node-bin-setup/-/node-bin-setup-1.1.4.tgz",
      "integrity": "sha512-vWNHOne0ZUavArqPP5LJta50+S8R261Fr5SvGul37HbEDcowvLjwdvd0ZeSr0r2lTSrPxl6okq9QUw8BFGiAxA=="
    },
    "nvm": {
      "version": "0.0.4",
      "resolved": "https://registry.npmjs.org/nvm/-/nvm-0.0.4.tgz",
      "integrity": "sha512-jvmyELykYcdyd0VCGY0E8Aqe5MngEasVvlPvrcJHbwBMUbVqa72mPdQuPzyTcykEtEx7jDrMY0QA5MoV+8EhgA=="
    },
    "yarn": {
      "version": "1.22.22",
      "resolved": "https://registry.npmjs.org/yarn/-/yarn-1.22.22.tgz",
      "integrity": "sha512-prL3kGtyG7o9Z9Sv8IPfBNrWTDmXB4Qbes8A9rEzt6wkJV8mUvoirjU0Mp3GGAU06Y0XQyA3/2/RQFVuK7MTfg=="
    }
  }
}
